// !$*UTF8*$!
{
	archiveVersion = 1;
	classes = {
	};
	objectVersion = 56;
	objects = {

/* Begin PBXBuildFile section */
		1AC8B5862CB55AD800D683CD /* StadiumResponse.swift in Sources */ = {isa = PBXBuildFile; fileRef = 1AC8B5852CB55AD800D683CD /* StadiumResponse.swift */; };
		1AC8B5892CB576C000D683CD /* TopPlayer.swift in Sources */ = {isa = PBXBuildFile; fileRef = 1AC8B5882CB576C000D683CD /* TopPlayer.swift */; };
		1AC8B58B2CB577EE00D683CD /* StatisticsViewModel.swift in Sources */ = {isa = PBXBuildFile; fileRef = 1AC8B58A2CB577EE00D683CD /* StatisticsViewModel.swift */; };
		1AC8B58D2CB59CDE00D683CD /* TeamProfileViewModel.swift in Sources */ = {isa = PBXBuildFile; fileRef = 1AC8B58C2CB59CDE00D683CD /* TeamProfileViewModel.swift */; };
		1AC8B58F2CB59E0200D683CD /* TeamRoster.swift in Sources */ = {isa = PBXBuildFile; fileRef = 1AC8B58E2CB59E0200D683CD /* TeamRoster.swift */; };
		1AC8B5932CB5AAB700D683CD /* NewsViewModel.swift in Sources */ = {isa = PBXBuildFile; fileRef = 1AC8B5922CB5AAB700D683CD /* NewsViewModel.swift */; };
		1ACA93582CB0A97D00F4B103 /* AppDelegate.swift in Sources */ = {isa = PBXBuildFile; fileRef = 1ACA93572CB0A97D00F4B103 /* AppDelegate.swift */; };
		1ACA935A2CB0A97D00F4B103 /* SceneDelegate.swift in Sources */ = {isa = PBXBuildFile; fileRef = 1ACA93592CB0A97D00F4B103 /* SceneDelegate.swift */; };
		1ACA93612CB0A97F00F4B103 /* Assets.xcassets in Resources */ = {isa = PBXBuildFile; fileRef = 1ACA93602CB0A97F00F4B103 /* Assets.xcassets */; };
		1ACA93642CB0A97F00F4B103 /* Base in Resources */ = {isa = PBXBuildFile; fileRef = 1ACA93632CB0A97F00F4B103 /* Base */; };
		1ACA93722CB0AAA600F4B103 /* Coordinator.swift in Sources */ = {isa = PBXBuildFile; fileRef = 1ACA93712CB0AAA600F4B103 /* Coordinator.swift */; };
		1ACA93742CB0AAF900F4B103 /* MainTabBarCoordinator.swift in Sources */ = {isa = PBXBuildFile; fileRef = 1ACA93732CB0AAF900F4B103 /* MainTabBarCoordinator.swift */; };
		1ACA937A2CB0AD7300F4B103 /* MainTabBarController.swift in Sources */ = {isa = PBXBuildFile; fileRef = 1ACA93792CB0AD7300F4B103 /* MainTabBarController.swift */; };
		1ACA937C2CB0AF1800F4B103 /* HomeViewController.swift in Sources */ = {isa = PBXBuildFile; fileRef = 1ACA937B2CB0AF1800F4B103 /* HomeViewController.swift */; };
		1ACA937E2CB0AF2600F4B103 /* NewsViewController.swift in Sources */ = {isa = PBXBuildFile; fileRef = 1ACA937D2CB0AF2600F4B103 /* NewsViewController.swift */; };
		1ACA93802CB0AF3500F4B103 /* StatisticsViewController.swift in Sources */ = {isa = PBXBuildFile; fileRef = 1ACA937F2CB0AF3500F4B103 /* StatisticsViewController.swift */; };
		1ACA93822CB0AF4300F4B103 /* TableViewController.swift in Sources */ = {isa = PBXBuildFile; fileRef = 1ACA93812CB0AF4300F4B103 /* TableViewController.swift */; };
		1ACA93872CB0B0D700F4B103 /* HomeCoordinator.swift in Sources */ = {isa = PBXBuildFile; fileRef = 1ACA93862CB0B0D700F4B103 /* HomeCoordinator.swift */; };
		1ACA93892CB0B0E000F4B103 /* NewsCoordinator.swift in Sources */ = {isa = PBXBuildFile; fileRef = 1ACA93882CB0B0E000F4B103 /* NewsCoordinator.swift */; };
		1ACA938B2CB0B0F100F4B103 /* StatisticsCoordinator.swift in Sources */ = {isa = PBXBuildFile; fileRef = 1ACA938A2CB0B0F100F4B103 /* StatisticsCoordinator.swift */; };
		1ACA938D2CB0B10500F4B103 /* TableCoordinator.swift in Sources */ = {isa = PBXBuildFile; fileRef = 1ACA938C2CB0B10500F4B103 /* TableCoordinator.swift */; };
		1ACA93912CB0B65400F4B103 /* Resources.swift in Sources */ = {isa = PBXBuildFile; fileRef = 1ACA93902CB0B65400F4B103 /* Resources.swift */; };
		1ACA93942CB0B93E00F4B103 /* SnapKit in Frameworks */ = {isa = PBXBuildFile; productRef = 1ACA93932CB0B93E00F4B103 /* SnapKit */; };
		1ACA93982CB0BCA700F4B103 /* HomeView.swift in Sources */ = {isa = PBXBuildFile; fileRef = 1ACA93972CB0BCA700F4B103 /* HomeView.swift */; };
		1ACA939A2CB0C1F800F4B103 /* HomeVC + CollectionViews.swift in Sources */ = {isa = PBXBuildFile; fileRef = 1ACA93992CB0C1F800F4B103 /* HomeVC + CollectionViews.swift */; };
		1ACA939D2CB0C2D400F4B103 /* UpcomingCollectionViewCell.swift in Sources */ = {isa = PBXBuildFile; fileRef = 1ACA939C2CB0C2D400F4B103 /* UpcomingCollectionViewCell.swift */; };
		1ACA939F2CB0C30F00F4B103 /* CompletedCollectionViewCell.swift in Sources */ = {isa = PBXBuildFile; fileRef = 1ACA939E2CB0C30F00F4B103 /* CompletedCollectionViewCell.swift */; };
		1ACA93A22CB16F7800F4B103 /* NewsView.swift in Sources */ = {isa = PBXBuildFile; fileRef = 1ACA93A12CB16F7800F4B103 /* NewsView.swift */; };
		1ACA93A42CB1712900F4B103 /* NewsVC + CollectionView.swift in Sources */ = {isa = PBXBuildFile; fileRef = 1ACA93A32CB1712900F4B103 /* NewsVC + CollectionView.swift */; };
		1ACA93A82CB171CC00F4B103 /* NewsCollectionViewCell.swift in Sources */ = {isa = PBXBuildFile; fileRef = 1ACA93A72CB171CC00F4B103 /* NewsCollectionViewCell.swift */; };
		1ACA93AB2CB178A700F4B103 /* StatisticsView.swift in Sources */ = {isa = PBXBuildFile; fileRef = 1ACA93AA2CB178A700F4B103 /* StatisticsView.swift */; };
		1ACA93AE2CB17A9A00F4B103 /* StatisticsCollectionViewCell.swift in Sources */ = {isa = PBXBuildFile; fileRef = 1ACA93AD2CB17A9A00F4B103 /* StatisticsCollectionViewCell.swift */; };
		1ACA93B02CB17AA800F4B103 /* StatisticsVC + CollectionView.swift in Sources */ = {isa = PBXBuildFile; fileRef = 1ACA93AF2CB17AA800F4B103 /* StatisticsVC + CollectionView.swift */; };
		1ACA93B42CB1875300F4B103 /* TableView.swift in Sources */ = {isa = PBXBuildFile; fileRef = 1ACA93B32CB1875300F4B103 /* TableView.swift */; };
		1ACA93B62CB1A48600F4B103 /* SectionHeaderView.swift in Sources */ = {isa = PBXBuildFile; fileRef = 1ACA93B52CB1A48600F4B103 /* SectionHeaderView.swift */; };
		1ACA93B82CB1A4A300F4B103 /* TableVC + CollectionView.swift in Sources */ = {isa = PBXBuildFile; fileRef = 1ACA93B72CB1A4A200F4B103 /* TableVC + CollectionView.swift */; };
		1ACA93BA2CB1A65E00F4B103 /* TeamCell.swift in Sources */ = {isa = PBXBuildFile; fileRef = 1ACA93B92CB1A65E00F4B103 /* TeamCell.swift */; };
		1ACA93BC2CB1B2E000F4B103 /* FilterView.swift in Sources */ = {isa = PBXBuildFile; fileRef = 1ACA93BB2CB1B2E000F4B103 /* FilterView.swift */; };
		1ACA93BE2CB1B33B00F4B103 /* HomeVC + Action.swift in Sources */ = {isa = PBXBuildFile; fileRef = 1ACA93BD2CB1B33B00F4B103 /* HomeVC + Action.swift */; };
		1ACA93C12CB1E9A100F4B103 /* TeamProfileViewController.swift in Sources */ = {isa = PBXBuildFile; fileRef = 1ACA93C02CB1E9A100F4B103 /* TeamProfileViewController.swift */; };
		1ACA93C32CB1EA1800F4B103 /* TeamProfileView.swift in Sources */ = {isa = PBXBuildFile; fileRef = 1ACA93C22CB1EA1800F4B103 /* TeamProfileView.swift */; };
		1ACA93C52CB1F29C00F4B103 /* TeamProfileVC + CollectionView.swift in Sources */ = {isa = PBXBuildFile; fileRef = 1ACA93C42CB1F29C00F4B103 /* TeamProfileVC + CollectionView.swift */; };
		1ACA93C72CB1F2F900F4B103 /* PlayerCollectionViewCell.swift in Sources */ = {isa = PBXBuildFile; fileRef = 1ACA93C62CB1F2F900F4B103 /* PlayerCollectionViewCell.swift */; };
		1ACA93C92CB1F71000F4B103 /* TeamProfileVC + Action.swift in Sources */ = {isa = PBXBuildFile; fileRef = 1ACA93C82CB1F71000F4B103 /* TeamProfileVC + Action.swift */; };
		1AE9875D2CB4124600255BB6 /* NetworkConstants.swift in Sources */ = {isa = PBXBuildFile; fileRef = 1AE9875C2CB4124600255BB6 /* NetworkConstants.swift */; };
		1AE9875F2CB4141E00255BB6 /* APICaller.swift in Sources */ = {isa = PBXBuildFile; fileRef = 1AE9875E2CB4141E00255BB6 /* APICaller.swift */; };
		1AE987612CB429CD00255BB6 /* TableViewModel.swift in Sources */ = {isa = PBXBuildFile; fileRef = 1AE987602CB429CD00255BB6 /* TableViewModel.swift */; };
		1AE987632CB4981000255BB6 /* KHLFetcher.swift in Sources */ = {isa = PBXBuildFile; fileRef = 1AE987622CB4981000255BB6 /* KHLFetcher.swift */; };
		1AE987652CB49CF400255BB6 /* HomeViewModel.swift in Sources */ = {isa = PBXBuildFile; fileRef = 1AE987642CB49CF400255BB6 /* HomeViewModel.swift */; };
		1AE987682CB4A1D000255BB6 /* DateHelper.swift in Sources */ = {isa = PBXBuildFile; fileRef = 1AE987672CB4A1D000255BB6 /* DateHelper.swift */; };
		1AE9876D2CB4AE7D00255BB6 /* UpcomingMatches.swift in Sources */ = {isa = PBXBuildFile; fileRef = 1AE9876C2CB4AE7D00255BB6 /* UpcomingMatches.swift */; };
		1AE9876F2CB4AEA600255BB6 /* EndedMatches.swift in Sources */ = {isa = PBXBuildFile; fileRef = 1AE9876E2CB4AEA600255BB6 /* EndedMatches.swift */; };
		1AE987712CB4AEDB00255BB6 /* Pager.swift in Sources */ = {isa = PBXBuildFile; fileRef = 1AE987702CB4AEDB00255BB6 /* Pager.swift */; };
		1AE987732CB4AEFA00255BB6 /* Standings.swift in Sources */ = {isa = PBXBuildFile; fileRef = 1AE987722CB4AEFA00255BB6 /* Standings.swift */; };
		1AE987752CB4AF3E00255BB6 /* LeagueInfo.swift in Sources */ = {isa = PBXBuildFile; fileRef = 1AE987742CB4AF3E00255BB6 /* LeagueInfo.swift */; };
		1AE987772CB4B1A200255BB6 /* ErrorViewController.swift in Sources */ = {isa = PBXBuildFile; fileRef = 1AE987762CB4B1A200255BB6 /* ErrorViewController.swift */; };
/* End PBXBuildFile section */

/* Begin PBXFileReference section */
		1AC8B5852CB55AD800D683CD /* StadiumResponse.swift */ = {isa = PBXFileReference; lastKnownFileType = sourcecode.swift; path = StadiumResponse.swift; sourceTree = "<group>"; };
		1AC8B5882CB576C000D683CD /* TopPlayer.swift */ = {isa = PBXFileReference; lastKnownFileType = sourcecode.swift; path = TopPlayer.swift; sourceTree = "<group>"; };
		1AC8B58A2CB577EE00D683CD /* StatisticsViewModel.swift */ = {isa = PBXFileReference; lastKnownFileType = sourcecode.swift; path = StatisticsViewModel.swift; sourceTree = "<group>"; };
		1AC8B58C2CB59CDE00D683CD /* TeamProfileViewModel.swift */ = {isa = PBXFileReference; lastKnownFileType = sourcecode.swift; path = TeamProfileViewModel.swift; sourceTree = "<group>"; };
		1AC8B58E2CB59E0200D683CD /* TeamRoster.swift */ = {isa = PBXFileReference; lastKnownFileType = sourcecode.swift; path = TeamRoster.swift; sourceTree = "<group>"; };
		1AC8B5922CB5AAB700D683CD /* NewsViewModel.swift */ = {isa = PBXFileReference; lastKnownFileType = sourcecode.swift; path = NewsViewModel.swift; sourceTree = "<group>"; };
		1ACA93542CB0A97D00F4B103 /* HOKEY WIN TRACKER.app */ = {isa = PBXFileReference; explicitFileType = wrapper.application; includeInIndex = 0; path = "HOKEY WIN TRACKER.app"; sourceTree = BUILT_PRODUCTS_DIR; };
		1ACA93572CB0A97D00F4B103 /* AppDelegate.swift */ = {isa = PBXFileReference; lastKnownFileType = sourcecode.swift; path = AppDelegate.swift; sourceTree = "<group>"; };
		1ACA93592CB0A97D00F4B103 /* SceneDelegate.swift */ = {isa = PBXFileReference; lastKnownFileType = sourcecode.swift; path = SceneDelegate.swift; sourceTree = "<group>"; };
		1ACA93602CB0A97F00F4B103 /* Assets.xcassets */ = {isa = PBXFileReference; lastKnownFileType = folder.assetcatalog; path = Assets.xcassets; sourceTree = "<group>"; };
		1ACA93632CB0A97F00F4B103 /* Base */ = {isa = PBXFileReference; lastKnownFileType = file.storyboard; name = Base; path = Base.lproj/LaunchScreen.storyboard; sourceTree = "<group>"; };
		1ACA93652CB0A97F00F4B103 /* Info.plist */ = {isa = PBXFileReference; lastKnownFileType = text.plist.xml; path = Info.plist; sourceTree = "<group>"; };
		1ACA93712CB0AAA600F4B103 /* Coordinator.swift */ = {isa = PBXFileReference; lastKnownFileType = sourcecode.swift; path = Coordinator.swift; sourceTree = "<group>"; };
		1ACA93732CB0AAF900F4B103 /* MainTabBarCoordinator.swift */ = {isa = PBXFileReference; lastKnownFileType = sourcecode.swift; path = MainTabBarCoordinator.swift; sourceTree = "<group>"; };
		1ACA93792CB0AD7300F4B103 /* MainTabBarController.swift */ = {isa = PBXFileReference; lastKnownFileType = sourcecode.swift; path = MainTabBarController.swift; sourceTree = "<group>"; };
		1ACA937B2CB0AF1800F4B103 /* HomeViewController.swift */ = {isa = PBXFileReference; lastKnownFileType = sourcecode.swift; path = HomeViewController.swift; sourceTree = "<group>"; };
		1ACA937D2CB0AF2600F4B103 /* NewsViewController.swift */ = {isa = PBXFileReference; lastKnownFileType = sourcecode.swift; path = NewsViewController.swift; sourceTree = "<group>"; };
		1ACA937F2CB0AF3500F4B103 /* StatisticsViewController.swift */ = {isa = PBXFileReference; lastKnownFileType = sourcecode.swift; path = StatisticsViewController.swift; sourceTree = "<group>"; };
		1ACA93812CB0AF4300F4B103 /* TableViewController.swift */ = {isa = PBXFileReference; lastKnownFileType = sourcecode.swift; path = TableViewController.swift; sourceTree = "<group>"; };
		1ACA93862CB0B0D700F4B103 /* HomeCoordinator.swift */ = {isa = PBXFileReference; lastKnownFileType = sourcecode.swift; path = HomeCoordinator.swift; sourceTree = "<group>"; };
		1ACA93882CB0B0E000F4B103 /* NewsCoordinator.swift */ = {isa = PBXFileReference; lastKnownFileType = sourcecode.swift; path = NewsCoordinator.swift; sourceTree = "<group>"; };
		1ACA938A2CB0B0F100F4B103 /* StatisticsCoordinator.swift */ = {isa = PBXFileReference; lastKnownFileType = sourcecode.swift; path = StatisticsCoordinator.swift; sourceTree = "<group>"; };
		1ACA938C2CB0B10500F4B103 /* TableCoordinator.swift */ = {isa = PBXFileReference; lastKnownFileType = sourcecode.swift; path = TableCoordinator.swift; sourceTree = "<group>"; };
		1ACA93902CB0B65400F4B103 /* Resources.swift */ = {isa = PBXFileReference; lastKnownFileType = sourcecode.swift; path = Resources.swift; sourceTree = "<group>"; };
		1ACA93972CB0BCA700F4B103 /* HomeView.swift */ = {isa = PBXFileReference; lastKnownFileType = sourcecode.swift; path = HomeView.swift; sourceTree = "<group>"; };
		1ACA93992CB0C1F800F4B103 /* HomeVC + CollectionViews.swift */ = {isa = PBXFileReference; lastKnownFileType = sourcecode.swift; path = "HomeVC + CollectionViews.swift"; sourceTree = "<group>"; };
		1ACA939C2CB0C2D400F4B103 /* UpcomingCollectionViewCell.swift */ = {isa = PBXFileReference; lastKnownFileType = sourcecode.swift; path = UpcomingCollectionViewCell.swift; sourceTree = "<group>"; };
		1ACA939E2CB0C30F00F4B103 /* CompletedCollectionViewCell.swift */ = {isa = PBXFileReference; lastKnownFileType = sourcecode.swift; path = CompletedCollectionViewCell.swift; sourceTree = "<group>"; };
		1ACA93A12CB16F7800F4B103 /* NewsView.swift */ = {isa = PBXFileReference; lastKnownFileType = sourcecode.swift; path = NewsView.swift; sourceTree = "<group>"; };
		1ACA93A32CB1712900F4B103 /* NewsVC + CollectionView.swift */ = {isa = PBXFileReference; lastKnownFileType = sourcecode.swift; path = "NewsVC + CollectionView.swift"; sourceTree = "<group>"; };
		1ACA93A72CB171CC00F4B103 /* NewsCollectionViewCell.swift */ = {isa = PBXFileReference; lastKnownFileType = sourcecode.swift; path = NewsCollectionViewCell.swift; sourceTree = "<group>"; };
		1ACA93AA2CB178A700F4B103 /* StatisticsView.swift */ = {isa = PBXFileReference; lastKnownFileType = sourcecode.swift; path = StatisticsView.swift; sourceTree = "<group>"; };
		1ACA93AD2CB17A9A00F4B103 /* StatisticsCollectionViewCell.swift */ = {isa = PBXFileReference; lastKnownFileType = sourcecode.swift; path = StatisticsCollectionViewCell.swift; sourceTree = "<group>"; };
		1ACA93AF2CB17AA800F4B103 /* StatisticsVC + CollectionView.swift */ = {isa = PBXFileReference; lastKnownFileType = sourcecode.swift; path = "StatisticsVC + CollectionView.swift"; sourceTree = "<group>"; };
		1ACA93B32CB1875300F4B103 /* TableView.swift */ = {isa = PBXFileReference; lastKnownFileType = sourcecode.swift; path = TableView.swift; sourceTree = "<group>"; };
		1ACA93B52CB1A48600F4B103 /* SectionHeaderView.swift */ = {isa = PBXFileReference; lastKnownFileType = sourcecode.swift; path = SectionHeaderView.swift; sourceTree = "<group>"; };
		1ACA93B72CB1A4A200F4B103 /* TableVC + CollectionView.swift */ = {isa = PBXFileReference; lastKnownFileType = sourcecode.swift; path = "TableVC + CollectionView.swift"; sourceTree = "<group>"; };
		1ACA93B92CB1A65E00F4B103 /* TeamCell.swift */ = {isa = PBXFileReference; lastKnownFileType = sourcecode.swift; path = TeamCell.swift; sourceTree = "<group>"; };
		1ACA93BB2CB1B2E000F4B103 /* FilterView.swift */ = {isa = PBXFileReference; lastKnownFileType = sourcecode.swift; path = FilterView.swift; sourceTree = "<group>"; };
		1ACA93BD2CB1B33B00F4B103 /* HomeVC + Action.swift */ = {isa = PBXFileReference; lastKnownFileType = sourcecode.swift; path = "HomeVC + Action.swift"; sourceTree = "<group>"; };
		1ACA93C02CB1E9A100F4B103 /* TeamProfileViewController.swift */ = {isa = PBXFileReference; lastKnownFileType = sourcecode.swift; path = TeamProfileViewController.swift; sourceTree = "<group>"; };
		1ACA93C22CB1EA1800F4B103 /* TeamProfileView.swift */ = {isa = PBXFileReference; lastKnownFileType = sourcecode.swift; path = TeamProfileView.swift; sourceTree = "<group>"; };
		1ACA93C42CB1F29C00F4B103 /* TeamProfileVC + CollectionView.swift */ = {isa = PBXFileReference; lastKnownFileType = sourcecode.swift; path = "TeamProfileVC + CollectionView.swift"; sourceTree = "<group>"; };
		1ACA93C62CB1F2F900F4B103 /* PlayerCollectionViewCell.swift */ = {isa = PBXFileReference; lastKnownFileType = sourcecode.swift; path = PlayerCollectionViewCell.swift; sourceTree = "<group>"; };
		1ACA93C82CB1F71000F4B103 /* TeamProfileVC + Action.swift */ = {isa = PBXFileReference; lastKnownFileType = sourcecode.swift; path = "TeamProfileVC + Action.swift"; sourceTree = "<group>"; };
		1AE9875C2CB4124600255BB6 /* NetworkConstants.swift */ = {isa = PBXFileReference; lastKnownFileType = sourcecode.swift; path = NetworkConstants.swift; sourceTree = "<group>"; };
		1AE9875E2CB4141E00255BB6 /* APICaller.swift */ = {isa = PBXFileReference; lastKnownFileType = sourcecode.swift; path = APICaller.swift; sourceTree = "<group>"; };
		1AE987602CB429CD00255BB6 /* TableViewModel.swift */ = {isa = PBXFileReference; lastKnownFileType = sourcecode.swift; path = TableViewModel.swift; sourceTree = "<group>"; };
		1AE987622CB4981000255BB6 /* KHLFetcher.swift */ = {isa = PBXFileReference; lastKnownFileType = sourcecode.swift; path = KHLFetcher.swift; sourceTree = "<group>"; };
		1AE987642CB49CF400255BB6 /* HomeViewModel.swift */ = {isa = PBXFileReference; lastKnownFileType = sourcecode.swift; path = HomeViewModel.swift; sourceTree = "<group>"; };
		1AE987672CB4A1D000255BB6 /* DateHelper.swift */ = {isa = PBXFileReference; lastKnownFileType = sourcecode.swift; path = DateHelper.swift; sourceTree = "<group>"; };
		1AE9876C2CB4AE7D00255BB6 /* UpcomingMatches.swift */ = {isa = PBXFileReference; lastKnownFileType = sourcecode.swift; name = UpcomingMatches.swift; path = "HOKEY WIN TRACKER/View/HomeViewController/UpcomingMatches.swift"; sourceTree = SOURCE_ROOT; };
		1AE9876E2CB4AEA600255BB6 /* EndedMatches.swift */ = {isa = PBXFileReference; lastKnownFileType = sourcecode.swift; path = EndedMatches.swift; sourceTree = "<group>"; };
		1AE987702CB4AEDB00255BB6 /* Pager.swift */ = {isa = PBXFileReference; lastKnownFileType = sourcecode.swift; path = Pager.swift; sourceTree = "<group>"; };
		1AE987722CB4AEFA00255BB6 /* Standings.swift */ = {isa = PBXFileReference; lastKnownFileType = sourcecode.swift; path = Standings.swift; sourceTree = "<group>"; };
		1AE987742CB4AF3E00255BB6 /* LeagueInfo.swift */ = {isa = PBXFileReference; lastKnownFileType = sourcecode.swift; path = LeagueInfo.swift; sourceTree = "<group>"; };
		1AE987762CB4B1A200255BB6 /* ErrorViewController.swift */ = {isa = PBXFileReference; lastKnownFileType = sourcecode.swift; path = ErrorViewController.swift; sourceTree = "<group>"; };
/* End PBXFileReference section */

/* Begin PBXFrameworksBuildPhase section */
		1ACA93512CB0A97D00F4B103 /* Frameworks */ = {
			isa = PBXFrameworksBuildPhase;
			buildActionMask = 2147483647;
			files = (
				1ACA93942CB0B93E00F4B103 /* SnapKit in Frameworks */,
			);
			runOnlyForDeploymentPostprocessing = 0;
		};
/* End PBXFrameworksBuildPhase section */

/* Begin PBXGroup section */
		1AC8B5872CB573AB00D683CD /* TeamProfileViewController */ = {
			isa = PBXGroup;
			children = (
				1ACA93C02CB1E9A100F4B103 /* TeamProfileViewController.swift */,
				1ACA93C82CB1F71000F4B103 /* TeamProfileVC + Action.swift */,
				1ACA93C42CB1F29C00F4B103 /* TeamProfileVC + CollectionView.swift */,
				1ACA93C62CB1F2F900F4B103 /* PlayerCollectionViewCell.swift */,
				1ACA93C22CB1EA1800F4B103 /* TeamProfileView.swift */,
			);
			path = TeamProfileViewController;
			sourceTree = "<group>";
		};
		1ACA934B2CB0A97D00F4B103 = {
			isa = PBXGroup;
			children = (
				1ACA93562CB0A97D00F4B103 /* HOKEY WIN TRACKER */,
				1ACA93552CB0A97D00F4B103 /* Products */,
			);
			sourceTree = "<group>";
		};
		1ACA93552CB0A97D00F4B103 /* Products */ = {
			isa = PBXGroup;
			children = (
				1ACA93542CB0A97D00F4B103 /* HOKEY WIN TRACKER.app */,
			);
			name = Products;
			sourceTree = "<group>";
		};
		1ACA93562CB0A97D00F4B103 /* HOKEY WIN TRACKER */ = {
			isa = PBXGroup;
			children = (
				1ACA936E2CB0A99F00F4B103 /* Coordinator */,
				1ACA936D2CB0A99A00F4B103 /* Model */,
				1ACA936C2CB0A99500F4B103 /* View */,
				1ACA936B2CB0A98E00F4B103 /* ViewModel */,
			);
			path = "HOKEY WIN TRACKER";
			sourceTree = "<group>";
		};
		1ACA936B2CB0A98E00F4B103 /* ViewModel */ = {
			isa = PBXGroup;
			children = (
				1AE987602CB429CD00255BB6 /* TableViewModel.swift */,
				1AE987642CB49CF400255BB6 /* HomeViewModel.swift */,
				1AC8B58A2CB577EE00D683CD /* StatisticsViewModel.swift */,
				1AC8B58C2CB59CDE00D683CD /* TeamProfileViewModel.swift */,
				1AC8B5922CB5AAB700D683CD /* NewsViewModel.swift */,
			);
			path = ViewModel;
			sourceTree = "<group>";
		};
		1ACA936C2CB0A99500F4B103 /* View */ = {
			isa = PBXGroup;
			children = (
				1AC8B5872CB573AB00D683CD /* TeamProfileViewController */,
				1ACA93B22CB1874400F4B103 /* TableViewController */,
				1ACA93A92CB175EF00F4B103 /* StatisticsViewController */,
				1ACA93A02CB16F5900F4B103 /* NewsViewController */,
				1ACA93952CB0BC9500F4B103 /* HomeViewController */,
				1ACA93782CB0AD4A00F4B103 /* MainTabBarController */,
				1AE987762CB4B1A200255BB6 /* ErrorViewController.swift */,
			);
			path = View;
			sourceTree = "<group>";
		};
		1ACA936D2CB0A99A00F4B103 /* Model */ = {
			isa = PBXGroup;
			children = (
				1AE9876B2CB4AE7000255BB6 /* Models */,
				1AE987662CB4A1C400255BB6 /* Classes */,
				1AE9875B2CB4123A00255BB6 /* Network */,
				1ACA93702CB0A9B600F4B103 /* Support */,
				1ACA936F2CB0A9A600F4B103 /* Resources */,
			);
			path = Model;
			sourceTree = "<group>";
		};
		1ACA936E2CB0A99F00F4B103 /* Coordinator */ = {
			isa = PBXGroup;
			children = (
				1ACA93712CB0AAA600F4B103 /* Coordinator.swift */,
				1ACA93732CB0AAF900F4B103 /* MainTabBarCoordinator.swift */,
				1ACA93862CB0B0D700F4B103 /* HomeCoordinator.swift */,
				1ACA93882CB0B0E000F4B103 /* NewsCoordinator.swift */,
				1ACA938A2CB0B0F100F4B103 /* StatisticsCoordinator.swift */,
				1ACA938C2CB0B10500F4B103 /* TableCoordinator.swift */,
			);
			path = Coordinator;
			sourceTree = "<group>";
		};
		1ACA936F2CB0A9A600F4B103 /* Resources */ = {
			isa = PBXGroup;
			children = (
				1ACA93602CB0A97F00F4B103 /* Assets.xcassets */,
				1ACA93902CB0B65400F4B103 /* Resources.swift */,
			);
			path = Resources;
			sourceTree = "<group>";
		};
		1ACA93702CB0A9B600F4B103 /* Support */ = {
			isa = PBXGroup;
			children = (
				1ACA93572CB0A97D00F4B103 /* AppDelegate.swift */,
				1ACA93592CB0A97D00F4B103 /* SceneDelegate.swift */,
				1ACA93622CB0A97F00F4B103 /* LaunchScreen.storyboard */,
				1ACA93652CB0A97F00F4B103 /* Info.plist */,
			);
			path = Support;
			sourceTree = "<group>";
		};
		1ACA93782CB0AD4A00F4B103 /* MainTabBarController */ = {
			isa = PBXGroup;
			children = (
				1ACA93792CB0AD7300F4B103 /* MainTabBarController.swift */,
			);
			path = MainTabBarController;
			sourceTree = "<group>";
		};
		1ACA93952CB0BC9500F4B103 /* HomeViewController */ = {
			isa = PBXGroup;
			children = (
				1ACA939B2CB0C2C200F4B103 /* Cells */,
				1ACA93962CB0BC9F00F4B103 /* Views */,
				1ACA937B2CB0AF1800F4B103 /* HomeViewController.swift */,
				1ACA93992CB0C1F800F4B103 /* HomeVC + CollectionViews.swift */,
				1ACA93BD2CB1B33B00F4B103 /* HomeVC + Action.swift */,
			);
			path = HomeViewController;
			sourceTree = "<group>";
		};
		1ACA93962CB0BC9F00F4B103 /* Views */ = {
			isa = PBXGroup;
			children = (
				1ACA93972CB0BCA700F4B103 /* HomeView.swift */,
				1ACA93BB2CB1B2E000F4B103 /* FilterView.swift */,
			);
			name = Views;
			sourceTree = "<group>";
		};
		1ACA939B2CB0C2C200F4B103 /* Cells */ = {
			isa = PBXGroup;
			children = (
				1ACA939C2CB0C2D400F4B103 /* UpcomingCollectionViewCell.swift */,
				1ACA939E2CB0C30F00F4B103 /* CompletedCollectionViewCell.swift */,
			);
			name = Cells;
			sourceTree = "<group>";
		};
		1ACA93A02CB16F5900F4B103 /* NewsViewController */ = {
			isa = PBXGroup;
			children = (
				1ACA93A62CB171BF00F4B103 /* Cells */,
				1ACA93A52CB171B400F4B103 /* Views */,
				1ACA937D2CB0AF2600F4B103 /* NewsViewController.swift */,
				1ACA93A32CB1712900F4B103 /* NewsVC + CollectionView.swift */,
			);
			path = NewsViewController;
			sourceTree = "<group>";
		};
		1ACA93A52CB171B400F4B103 /* Views */ = {
			isa = PBXGroup;
			children = (
				1ACA93A12CB16F7800F4B103 /* NewsView.swift */,
			);
			path = Views;
			sourceTree = "<group>";
		};
		1ACA93A62CB171BF00F4B103 /* Cells */ = {
			isa = PBXGroup;
			children = (
				1ACA93A72CB171CC00F4B103 /* NewsCollectionViewCell.swift */,
			);
			path = Cells;
			sourceTree = "<group>";
		};
		1ACA93A92CB175EF00F4B103 /* StatisticsViewController */ = {
			isa = PBXGroup;
			children = (
				1ACA93B12CB17AAC00F4B103 /* View */,
				1ACA937F2CB0AF3500F4B103 /* StatisticsViewController.swift */,
				1ACA93AF2CB17AA800F4B103 /* StatisticsVC + CollectionView.swift */,
			);
			path = StatisticsViewController;
			sourceTree = "<group>";
		};
		1ACA93B12CB17AAC00F4B103 /* View */ = {
			isa = PBXGroup;
			children = (
				1ACA93AD2CB17A9A00F4B103 /* StatisticsCollectionViewCell.swift */,
				1ACA93AA2CB178A700F4B103 /* StatisticsView.swift */,
			);
			path = View;
			sourceTree = "<group>";
		};
		1ACA93B22CB1874400F4B103 /* TableViewController */ = {
			isa = PBXGroup;
			children = (
				1ACA93812CB0AF4300F4B103 /* TableViewController.swift */,
				1ACA93B32CB1875300F4B103 /* TableView.swift */,
				1ACA93B52CB1A48600F4B103 /* SectionHeaderView.swift */,
				1ACA93B72CB1A4A200F4B103 /* TableVC + CollectionView.swift */,
				1ACA93B92CB1A65E00F4B103 /* TeamCell.swift */,
			);
			path = TableViewController;
			sourceTree = "<group>";
		};
		1AE9875B2CB4123A00255BB6 /* Network */ = {
			isa = PBXGroup;
			children = (
				1AE9875C2CB4124600255BB6 /* NetworkConstants.swift */,
				1AE9875E2CB4141E00255BB6 /* APICaller.swift */,
				1AE987622CB4981000255BB6 /* KHLFetcher.swift */,
			);
			path = Network;
			sourceTree = "<group>";
		};
		1AE987662CB4A1C400255BB6 /* Classes */ = {
			isa = PBXGroup;
			children = (
				1AE987672CB4A1D000255BB6 /* DateHelper.swift */,
			);
			path = Classes;
			sourceTree = "<group>";
		};
		1AE9876B2CB4AE7000255BB6 /* Models */ = {
			isa = PBXGroup;
			children = (
				1AE9876C2CB4AE7D00255BB6 /* UpcomingMatches.swift */,
				1AE9876E2CB4AEA600255BB6 /* EndedMatches.swift */,
				1AE987702CB4AEDB00255BB6 /* Pager.swift */,
				1AE987722CB4AEFA00255BB6 /* Standings.swift */,
				1AE987742CB4AF3E00255BB6 /* LeagueInfo.swift */,
				1AC8B5852CB55AD800D683CD /* StadiumResponse.swift */,
				1AC8B5882CB576C000D683CD /* TopPlayer.swift */,
				1AC8B58E2CB59E0200D683CD /* TeamRoster.swift */,
			);
			path = Models;
			sourceTree = "<group>";
		};
/* End PBXGroup section */

/* Begin PBXNativeTarget section */
		1ACA93532CB0A97D00F4B103 /* HOKEY WIN TRACKER */ = {
			isa = PBXNativeTarget;
			buildConfigurationList = 1ACA93682CB0A97F00F4B103 /* Build configuration list for PBXNativeTarget "HOKEY WIN TRACKER" */;
			buildPhases = (
				1ACA93502CB0A97D00F4B103 /* Sources */,
				1ACA93512CB0A97D00F4B103 /* Frameworks */,
				1ACA93522CB0A97D00F4B103 /* Resources */,
			);
			buildRules = (
			);
			dependencies = (
			);
			name = "HOKEY WIN TRACKER";
			packageProductDependencies = (
				1ACA93932CB0B93E00F4B103 /* SnapKit */,
			);
			productName = "HOKEY WIN TRACKER";
			productReference = 1ACA93542CB0A97D00F4B103 /* HOKEY WIN TRACKER.app */;
			productType = "com.apple.product-type.application";
		};
/* End PBXNativeTarget section */

/* Begin PBXProject section */
		1ACA934C2CB0A97D00F4B103 /* Project object */ = {
			isa = PBXProject;
			attributes = {
				BuildIndependentTargetsInParallel = 1;
				LastSwiftUpdateCheck = 1540;
				LastUpgradeCheck = 1540;
				TargetAttributes = {
					1ACA93532CB0A97D00F4B103 = {
						CreatedOnToolsVersion = 15.4;
					};
				};
			};
			buildConfigurationList = 1ACA934F2CB0A97D00F4B103 /* Build configuration list for PBXProject "HOKEY WIN TRACKER" */;
			compatibilityVersion = "Xcode 14.0";
			developmentRegion = en;
			hasScannedForEncodings = 0;
			knownRegions = (
				en,
				Base,
			);
			mainGroup = 1ACA934B2CB0A97D00F4B103;
			packageReferences = (
				1ACA93922CB0B93E00F4B103 /* XCRemoteSwiftPackageReference "SnapKit" */,
			);
			productRefGroup = 1ACA93552CB0A97D00F4B103 /* Products */;
			projectDirPath = "";
			projectRoot = "";
			targets = (
				1ACA93532CB0A97D00F4B103 /* HOKEY WIN TRACKER */,
			);
		};
/* End PBXProject section */

/* Begin PBXResourcesBuildPhase section */
		1ACA93522CB0A97D00F4B103 /* Resources */ = {
			isa = PBXResourcesBuildPhase;
			buildActionMask = 2147483647;
			files = (
				1ACA93612CB0A97F00F4B103 /* Assets.xcassets in Resources */,
				1ACA93642CB0A97F00F4B103 /* Base in Resources */,
			);
			runOnlyForDeploymentPostprocessing = 0;
		};
/* End PBXResourcesBuildPhase section */

/* Begin PBXSourcesBuildPhase section */
		1ACA93502CB0A97D00F4B103 /* Sources */ = {
			isa = PBXSourcesBuildPhase;
			buildActionMask = 2147483647;
			files = (
				1AE9875D2CB4124600255BB6 /* NetworkConstants.swift in Sources */,
				1ACA93722CB0AAA600F4B103 /* Coordinator.swift in Sources */,
				1ACA93A82CB171CC00F4B103 /* NewsCollectionViewCell.swift in Sources */,
				1AE987652CB49CF400255BB6 /* HomeViewModel.swift in Sources */,
				1ACA93582CB0A97D00F4B103 /* AppDelegate.swift in Sources */,
				1ACA937A2CB0AD7300F4B103 /* MainTabBarController.swift in Sources */,
				1AC8B5862CB55AD800D683CD /* StadiumResponse.swift in Sources */,
				1ACA93B82CB1A4A300F4B103 /* TableVC + CollectionView.swift in Sources */,
				1AE9875F2CB4141E00255BB6 /* APICaller.swift in Sources */,
				1AE987682CB4A1D000255BB6 /* DateHelper.swift in Sources */,
				1ACA93B02CB17AA800F4B103 /* StatisticsVC + CollectionView.swift in Sources */,
				1ACA93AE2CB17A9A00F4B103 /* StatisticsCollectionViewCell.swift in Sources */,
				1ACA93B42CB1875300F4B103 /* TableView.swift in Sources */,
				1ACA939F2CB0C30F00F4B103 /* CompletedCollectionViewCell.swift in Sources */,
				1AE987772CB4B1A200255BB6 /* ErrorViewController.swift in Sources */,
				1ACA93BC2CB1B2E000F4B103 /* FilterView.swift in Sources */,
				1AE987632CB4981000255BB6 /* KHLFetcher.swift in Sources */,
				1ACA93802CB0AF3500F4B103 /* StatisticsViewController.swift in Sources */,
				1ACA93982CB0BCA700F4B103 /* HomeView.swift in Sources */,
				1ACA93912CB0B65400F4B103 /* Resources.swift in Sources */,
				1AE9876F2CB4AEA600255BB6 /* EndedMatches.swift in Sources */,
				1AE987612CB429CD00255BB6 /* TableViewModel.swift in Sources */,
				1ACA938B2CB0B0F100F4B103 /* StatisticsCoordinator.swift in Sources */,
				1AC8B58B2CB577EE00D683CD /* StatisticsViewModel.swift in Sources */,
				1ACA93A42CB1712900F4B103 /* NewsVC + CollectionView.swift in Sources */,
				1ACA93A22CB16F7800F4B103 /* NewsView.swift in Sources */,
				1AE9876D2CB4AE7D00255BB6 /* UpcomingMatches.swift in Sources */,
				1ACA939D2CB0C2D400F4B103 /* UpcomingCollectionViewCell.swift in Sources */,
				1ACA93C72CB1F2F900F4B103 /* PlayerCollectionViewCell.swift in Sources */,
				1ACA93B62CB1A48600F4B103 /* SectionHeaderView.swift in Sources */,
				1ACA93C32CB1EA1800F4B103 /* TeamProfileView.swift in Sources */,
				1ACA93892CB0B0E000F4B103 /* NewsCoordinator.swift in Sources */,
				1AC8B58D2CB59CDE00D683CD /* TeamProfileViewModel.swift in Sources */,
				1ACA93742CB0AAF900F4B103 /* MainTabBarCoordinator.swift in Sources */,
				1AC8B5892CB576C000D683CD /* TopPlayer.swift in Sources */,
				1ACA937E2CB0AF2600F4B103 /* NewsViewController.swift in Sources */,
				1AC8B5932CB5AAB700D683CD /* NewsViewModel.swift in Sources */,
				1AE987752CB4AF3E00255BB6 /* LeagueInfo.swift in Sources */,
				1AC8B58F2CB59E0200D683CD /* TeamRoster.swift in Sources */,
				1ACA93C92CB1F71000F4B103 /* TeamProfileVC + Action.swift in Sources */,
				1ACA93C52CB1F29C00F4B103 /* TeamProfileVC + CollectionView.swift in Sources */,
				1ACA93BE2CB1B33B00F4B103 /* HomeVC + Action.swift in Sources */,
				1ACA93C12CB1E9A100F4B103 /* TeamProfileViewController.swift in Sources */,
				1AE987712CB4AEDB00255BB6 /* Pager.swift in Sources */,
				1ACA935A2CB0A97D00F4B103 /* SceneDelegate.swift in Sources */,
				1ACA939A2CB0C1F800F4B103 /* HomeVC + CollectionViews.swift in Sources */,
				1ACA93822CB0AF4300F4B103 /* TableViewController.swift in Sources */,
				1ACA937C2CB0AF1800F4B103 /* HomeViewController.swift in Sources */,
				1ACA93BA2CB1A65E00F4B103 /* TeamCell.swift in Sources */,
				1AE987732CB4AEFA00255BB6 /* Standings.swift in Sources */,
				1ACA93AB2CB178A700F4B103 /* StatisticsView.swift in Sources */,
				1ACA93872CB0B0D700F4B103 /* HomeCoordinator.swift in Sources */,
				1ACA938D2CB0B10500F4B103 /* TableCoordinator.swift in Sources */,
			);
			runOnlyForDeploymentPostprocessing = 0;
		};
/* End PBXSourcesBuildPhase section */

/* Begin PBXVariantGroup section */
		1ACA93622CB0A97F00F4B103 /* LaunchScreen.storyboard */ = {
			isa = PBXVariantGroup;
			children = (
				1ACA93632CB0A97F00F4B103 /* Base */,
			);
			name = LaunchScreen.storyboard;
			sourceTree = "<group>";
		};
/* End PBXVariantGroup section */

/* Begin XCBuildConfiguration section */
		1ACA93662CB0A97F00F4B103 /* Debug */ = {
			isa = XCBuildConfiguration;
			buildSettings = {
				ALWAYS_SEARCH_USER_PATHS = NO;
				ASSETCATALOG_COMPILER_GENERATE_SWIFT_ASSET_SYMBOL_EXTENSIONS = YES;
				CLANG_ANALYZER_NONNULL = YES;
				CLANG_ANALYZER_NUMBER_OBJECT_CONVERSION = YES_AGGRESSIVE;
				CLANG_CXX_LANGUAGE_STANDARD = "gnu++20";
				CLANG_ENABLE_MODULES = YES;
				CLANG_ENABLE_OBJC_ARC = YES;
				CLANG_ENABLE_OBJC_WEAK = YES;
				CLANG_WARN_BLOCK_CAPTURE_AUTORELEASING = YES;
				CLANG_WARN_BOOL_CONVERSION = YES;
				CLANG_WARN_COMMA = YES;
				CLANG_WARN_CONSTANT_CONVERSION = YES;
				CLANG_WARN_DEPRECATED_OBJC_IMPLEMENTATIONS = YES;
				CLANG_WARN_DIRECT_OBJC_ISA_USAGE = YES_ERROR;
				CLANG_WARN_DOCUMENTATION_COMMENTS = YES;
				CLANG_WARN_EMPTY_BODY = YES;
				CLANG_WARN_ENUM_CONVERSION = YES;
				CLANG_WARN_INFINITE_RECURSION = YES;
				CLANG_WARN_INT_CONVERSION = YES;
				CLANG_WARN_NON_LITERAL_NULL_CONVERSION = YES;
				CLANG_WARN_OBJC_IMPLICIT_RETAIN_SELF = YES;
				CLANG_WARN_OBJC_LITERAL_CONVERSION = YES;
				CLANG_WARN_OBJC_ROOT_CLASS = YES_ERROR;
				CLANG_WARN_QUOTED_INCLUDE_IN_FRAMEWORK_HEADER = YES;
				CLANG_WARN_RANGE_LOOP_ANALYSIS = YES;
				CLANG_WARN_STRICT_PROTOTYPES = YES;
				CLANG_WARN_SUSPICIOUS_MOVE = YES;
				CLANG_WARN_UNGUARDED_AVAILABILITY = YES_AGGRESSIVE;
				CLANG_WARN_UNREACHABLE_CODE = YES;
				CLANG_WARN__DUPLICATE_METHOD_MATCH = YES;
				COPY_PHASE_STRIP = NO;
				DEBUG_INFORMATION_FORMAT = dwarf;
				ENABLE_STRICT_OBJC_MSGSEND = YES;
				ENABLE_TESTABILITY = YES;
				ENABLE_USER_SCRIPT_SANDBOXING = YES;
				GCC_C_LANGUAGE_STANDARD = gnu17;
				GCC_DYNAMIC_NO_PIC = NO;
				GCC_NO_COMMON_BLOCKS = YES;
				GCC_OPTIMIZATION_LEVEL = 0;
				GCC_PREPROCESSOR_DEFINITIONS = (
					"DEBUG=1",
					"$(inherited)",
				);
				GCC_WARN_64_TO_32_BIT_CONVERSION = YES;
				GCC_WARN_ABOUT_RETURN_TYPE = YES_ERROR;
				GCC_WARN_UNDECLARED_SELECTOR = YES;
				GCC_WARN_UNINITIALIZED_AUTOS = YES_AGGRESSIVE;
				GCC_WARN_UNUSED_FUNCTION = YES;
				GCC_WARN_UNUSED_VARIABLE = YES;
				IPHONEOS_DEPLOYMENT_TARGET = 17.5;
				LOCALIZATION_PREFERS_STRING_CATALOGS = YES;
				MTL_ENABLE_DEBUG_INFO = INCLUDE_SOURCE;
				MTL_FAST_MATH = YES;
				ONLY_ACTIVE_ARCH = YES;
				SDKROOT = iphoneos;
				SWIFT_ACTIVE_COMPILATION_CONDITIONS = "DEBUG $(inherited)";
				SWIFT_OPTIMIZATION_LEVEL = "-Onone";
			};
			name = Debug;
		};
		1ACA93672CB0A97F00F4B103 /* Release */ = {
			isa = XCBuildConfiguration;
			buildSettings = {
				ALWAYS_SEARCH_USER_PATHS = NO;
				ASSETCATALOG_COMPILER_GENERATE_SWIFT_ASSET_SYMBOL_EXTENSIONS = YES;
				CLANG_ANALYZER_NONNULL = YES;
				CLANG_ANALYZER_NUMBER_OBJECT_CONVERSION = YES_AGGRESSIVE;
				CLANG_CXX_LANGUAGE_STANDARD = "gnu++20";
				CLANG_ENABLE_MODULES = YES;
				CLANG_ENABLE_OBJC_ARC = YES;
				CLANG_ENABLE_OBJC_WEAK = YES;
				CLANG_WARN_BLOCK_CAPTURE_AUTORELEASING = YES;
				CLANG_WARN_BOOL_CONVERSION = YES;
				CLANG_WARN_COMMA = YES;
				CLANG_WARN_CONSTANT_CONVERSION = YES;
				CLANG_WARN_DEPRECATED_OBJC_IMPLEMENTATIONS = YES;
				CLANG_WARN_DIRECT_OBJC_ISA_USAGE = YES_ERROR;
				CLANG_WARN_DOCUMENTATION_COMMENTS = YES;
				CLANG_WARN_EMPTY_BODY = YES;
				CLANG_WARN_ENUM_CONVERSION = YES;
				CLANG_WARN_INFINITE_RECURSION = YES;
				CLANG_WARN_INT_CONVERSION = YES;
				CLANG_WARN_NON_LITERAL_NULL_CONVERSION = YES;
				CLANG_WARN_OBJC_IMPLICIT_RETAIN_SELF = YES;
				CLANG_WARN_OBJC_LITERAL_CONVERSION = YES;
				CLANG_WARN_OBJC_ROOT_CLASS = YES_ERROR;
				CLANG_WARN_QUOTED_INCLUDE_IN_FRAMEWORK_HEADER = YES;
				CLANG_WARN_RANGE_LOOP_ANALYSIS = YES;
				CLANG_WARN_STRICT_PROTOTYPES = YES;
				CLANG_WARN_SUSPICIOUS_MOVE = YES;
				CLANG_WARN_UNGUARDED_AVAILABILITY = YES_AGGRESSIVE;
				CLANG_WARN_UNREACHABLE_CODE = YES;
				CLANG_WARN__DUPLICATE_METHOD_MATCH = YES;
				COPY_PHASE_STRIP = NO;
				DEBUG_INFORMATION_FORMAT = "dwarf-with-dsym";
				ENABLE_NS_ASSERTIONS = NO;
				ENABLE_STRICT_OBJC_MSGSEND = YES;
				ENABLE_USER_SCRIPT_SANDBOXING = YES;
				GCC_C_LANGUAGE_STANDARD = gnu17;
				GCC_NO_COMMON_BLOCKS = YES;
				GCC_WARN_64_TO_32_BIT_CONVERSION = YES;
				GCC_WARN_ABOUT_RETURN_TYPE = YES_ERROR;
				GCC_WARN_UNDECLARED_SELECTOR = YES;
				GCC_WARN_UNINITIALIZED_AUTOS = YES_AGGRESSIVE;
				GCC_WARN_UNUSED_FUNCTION = YES;
				GCC_WARN_UNUSED_VARIABLE = YES;
				IPHONEOS_DEPLOYMENT_TARGET = 17.5;
				LOCALIZATION_PREFERS_STRING_CATALOGS = YES;
				MTL_ENABLE_DEBUG_INFO = NO;
				MTL_FAST_MATH = YES;
				SDKROOT = iphoneos;
				SWIFT_COMPILATION_MODE = wholemodule;
				VALIDATE_PRODUCT = YES;
			};
			name = Release;
		};
		1ACA93692CB0A97F00F4B103 /* Debug */ = {
			isa = XCBuildConfiguration;
			buildSettings = {
				ASSETCATALOG_COMPILER_APPICON_NAME = AppIcon;
				ASSETCATALOG_COMPILER_GLOBAL_ACCENT_COLOR_NAME = AccentColor;
				CODE_SIGN_STYLE = Automatic;
				CURRENT_PROJECT_VERSION = 1;
				GENERATE_INFOPLIST_FILE = YES;
				INFOPLIST_FILE = "HOKEY WIN TRACKER/Model/Support/Info.plist";
				INFOPLIST_KEY_UIApplicationSupportsIndirectInputEvents = YES;
				INFOPLIST_KEY_UILaunchStoryboardName = LaunchScreen;
				INFOPLIST_KEY_UISupportedInterfaceOrientations_iPad = "UIInterfaceOrientationPortrait UIInterfaceOrientationPortraitUpsideDown UIInterfaceOrientationLandscapeLeft UIInterfaceOrientationLandscapeRight";
				INFOPLIST_KEY_UISupportedInterfaceOrientations_iPhone = "UIInterfaceOrientationPortrait UIInterfaceOrientationLandscapeLeft UIInterfaceOrientationLandscapeRight";
				LD_RUNPATH_SEARCH_PATHS = (
					"$(inherited)",
					"@executable_path/Frameworks",
				);
				MARKETING_VERSION = 1.0;
				PRODUCT_BUNDLE_IDENTIFIER = "com.fufel.HOKEY-WIN-TRACKER";
				PRODUCT_NAME = "$(TARGET_NAME)";
				SWIFT_EMIT_LOC_STRINGS = YES;
				SWIFT_VERSION = 5.0;
				TARGETED_DEVICE_FAMILY = "1,2";
			};
			name = Debug;
		};
		1ACA936A2CB0A97F00F4B103 /* Release */ = {
			isa = XCBuildConfiguration;
			buildSettings = {
				ASSETCATALOG_COMPILER_APPICON_NAME = AppIcon;
				ASSETCATALOG_COMPILER_GLOBAL_ACCENT_COLOR_NAME = AccentColor;
				CODE_SIGN_STYLE = Automatic;
				CURRENT_PROJECT_VERSION = 1;
				GENERATE_INFOPLIST_FILE = YES;
				INFOPLIST_FILE = "HOKEY WIN TRACKER/Model/Support/Info.plist";
				INFOPLIST_KEY_UIApplicationSupportsIndirectInputEvents = YES;
				INFOPLIST_KEY_UILaunchStoryboardName = LaunchScreen;
				INFOPLIST_KEY_UISupportedInterfaceOrientations_iPad = "UIInterfaceOrientationPortrait UIInterfaceOrientationPortraitUpsideDown UIInterfaceOrientationLandscapeLeft UIInterfaceOrientationLandscapeRight";
				INFOPLIST_KEY_UISupportedInterfaceOrientations_iPhone = "UIInterfaceOrientationPortrait UIInterfaceOrientationLandscapeLeft UIInterfaceOrientationLandscapeRight";
				LD_RUNPATH_SEARCH_PATHS = (
					"$(inherited)",
					"@executable_path/Frameworks",
				);
				MARKETING_VERSION = 1.0;
				PRODUCT_BUNDLE_IDENTIFIER = "com.fufel.HOKEY-WIN-TRACKER";
				PRODUCT_NAME = "$(TARGET_NAME)";
				SWIFT_EMIT_LOC_STRINGS = YES;
				SWIFT_VERSION = 5.0;
				TARGETED_DEVICE_FAMILY = "1,2";
			};
			name = Release;
		};
/* End XCBuildConfiguration section */

/* Begin XCConfigurationList section */
		1ACA934F2CB0A97D00F4B103 /* Build configuration list for PBXProject "HOKEY WIN TRACKER" */ = {
			isa = XCConfigurationList;
			buildConfigurations = (
				1ACA93662CB0A97F00F4B103 /* Debug */,
				1ACA93672CB0A97F00F4B103 /* Release */,
			);
			defaultConfigurationIsVisible = 0;
			defaultConfigurationName = Release;
		};
		1ACA93682CB0A97F00F4B103 /* Build configuration list for PBXNativeTarget "HOKEY WIN TRACKER" */ = {
			isa = XCConfigurationList;
			buildConfigurations = (
				1ACA93692CB0A97F00F4B103 /* Debug */,
				1ACA936A2CB0A97F00F4B103 /* Release */,
			);
			defaultConfigurationIsVisible = 0;
			defaultConfigurationName = Release;
		};
/* End XCConfigurationList section */

/* Begin XCRemoteSwiftPackageReference section */
		1ACA93922CB0B93E00F4B103 /* XCRemoteSwiftPackageReference "SnapKit" */ = {
			isa = XCRemoteSwiftPackageReference;
			repositoryURL = "https://github.com/SnapKit/SnapKit";
			requirement = {
				kind = upToNextMajorVersion;
				minimumVersion = 5.7.1;
			};
		};
/* End XCRemoteSwiftPackageReference section */

/* Begin XCSwiftPackageProductDependency section */
		1ACA93932CB0B93E00F4B103 /* SnapKit */ = {
			isa = XCSwiftPackageProductDependency;
			package = 1ACA93922CB0B93E00F4B103 /* XCRemoteSwiftPackageReference "SnapKit" */;
			productName = SnapKit;
		};
/* End XCSwiftPackageProductDependency section */
	};
	rootObject = 1ACA934C2CB0A97D00F4B103 /* Project object */;
}
